
Microsoft Visual Studio Solution File, Format Version 12.00
# Visual Studio Version 16
VisualStudioVersion = 16.0.32929.386
MinimumVisualStudioVersion = 10.0.40219.1
Project("{FAE04EC0-301F-11D3-BF4B-00C04F79EFBC}") = "ConsoleAppArrayAssignment", "ConsoleAppArrayAssignment\ConsoleAppArrayAssignment.csproj", "{E015945F-3F3B-4A50-B355-4661D4797BAA}"
EndProject
Global
	GlobalSection(SolutionConfigurationPlatforms) = preSolution
		Debug|Any CPU = Debug|Any CPU
		Release|Any CPU = Release|Any CPU
	EndGlobalSection
	GlobalSection(ProjectConfigurationPlatforms) = postSolution
		{E015945F-3F3B-4A50-B355-4661D4797BAA}.Debug|Any CPU.ActiveCfg = Debug|Any CPU
		{E015945F-3F3B-4A50-B355-4661D4797BAA}.Debug|Any CPU.Build.0 = Debug|Any CPU
		{E015945F-3F3B-4A50-B355-4661D4797BAA}.Release|Any CPU.ActiveCfg = Release|Any CPU
		{E015945F-3F3B-4A50-B355-4661D4797BAA}.Release|Any CPU.Build.0 = Release|Any CPU
	EndGlobalSection
	GlobalSection(SolutionProperties) = preSolution
		HideSolutionNode = FALSE
	EndGlobalSection
	GlobalSection(ExtensibilityGlobals) = postSolution
		SolutionGuid = {39C097EE-BBFB-4E57-8632-34DE34773541}
	EndGlobalSection
EndGlobal
