
Microsoft Visual Studio Solution File, Format Version 12.00
# Visual Studio Version 16
VisualStudioVersion = 16.0.32929.386
MinimumVisualStudioVersion = 10.0.40219.1
Project("{FAE04EC0-301F-11D3-BF4B-00C04F79EFBC}") = "ClassMethodAssignment", "ClassMethodAssignment\ClassMethodAssignment.csproj", "{DA69F806-8E0E-4405-85EA-F08CE0FF04CD}"
EndProject
Global
	GlobalSection(SolutionConfigurationPlatforms) = preSolution
		Debug|Any CPU = Debug|Any CPU
		Release|Any CPU = Release|Any CPU
	EndGlobalSection
	GlobalSection(ProjectConfigurationPlatforms) = postSolution
		{DA69F806-8E0E-4405-85EA-F08CE0FF04CD}.Debug|Any CPU.ActiveCfg = Debug|Any CPU
		{DA69F806-8E0E-4405-85EA-F08CE0FF04CD}.Debug|Any CPU.Build.0 = Debug|Any CPU
		{DA69F806-8E0E-4405-85EA-F08CE0FF04CD}.Release|Any CPU.ActiveCfg = Release|Any CPU
		{DA69F806-8E0E-4405-85EA-F08CE0FF04CD}.Release|Any CPU.Build.0 = Release|Any CPU
	EndGlobalSection
	GlobalSection(SolutionProperties) = preSolution
		HideSolutionNode = FALSE
	EndGlobalSection
	GlobalSection(ExtensibilityGlobals) = postSolution
		SolutionGuid = {96F56B91-E687-45AE-AC8A-7B783EC5B8B2}
	EndGlobalSection
EndGlobal
