
Microsoft Visual Studio Solution File, Format Version 12.00
# Visual Studio Version 16
VisualStudioVersion = 16.0.32929.386
MinimumVisualStudioVersion = 10.0.40219.1
Project("{FAE04EC0-301F-11D3-BF4B-00C04F79EFBC}") = "OperatorsAssignment", "OperatorsAssignment\OperatorsAssignment.csproj", "{421C0387-784A-499D-AB55-70A909E12121}"
EndProject
Global
	GlobalSection(SolutionConfigurationPlatforms) = preSolution
		Debug|Any CPU = Debug|Any CPU
		Release|Any CPU = Release|Any CPU
	EndGlobalSection
	GlobalSection(ProjectConfigurationPlatforms) = postSolution
		{421C0387-784A-499D-AB55-70A909E12121}.Debug|Any CPU.ActiveCfg = Debug|Any CPU
		{421C0387-784A-499D-AB55-70A909E12121}.Debug|Any CPU.Build.0 = Debug|Any CPU
		{421C0387-784A-499D-AB55-70A909E12121}.Release|Any CPU.ActiveCfg = Release|Any CPU
		{421C0387-784A-499D-AB55-70A909E12121}.Release|Any CPU.Build.0 = Release|Any CPU
	EndGlobalSection
	GlobalSection(SolutionProperties) = preSolution
		HideSolutionNode = FALSE
	EndGlobalSection
	GlobalSection(ExtensibilityGlobals) = postSolution
		SolutionGuid = {E9CFC9BA-A4E3-48E0-9D8A-B21F666FD74A}
	EndGlobalSection
EndGlobal
